{
    "_readme": [
        "This file locks the dependencies of your project to a known state",
        "Read more about it at https://getcomposer.org/doc/01-basic-usage.md#composer-lock-the-lock-file",
        "This file is @generated automatically"
    ],
    "content-hash": "6b9a2362b58df92905cb0502a690ae7a",
    "packages": [
        {
            "name": "1fabiosoares/sculptor",
            "version": "v0.1.9",
            "source": {
                "type": "git",
                "url": "https://github.com/1fabiosoares/sculptor.git",
                "reference": "aaaa7783f1564cb51c6697db12679fd07a0f76e2"
            },
            "dist": {
                "type": "zip",
                "url": "https://api.github.com/repos/1fabiosoares/sculptor/zipball/aaaa7783f1564cb51c6697db12679fd07a0f76e2",
                "reference": "aaaa7783f1564cb51c6697db12679fd07a0f76e2",
                "shasum": ""
            },
            "require": {
                "php": "^5.3.3 || ^7.0"
            },
            "type": "library",
            "notification-url": "https://packagist.org/downloads/",
            "license": [
                "GPL-v3"
            ],
            "authors": [
                {
                    "name": "Fabio Soares",
                    "email": "fabioars@live.com"
                }
            ],
            "description": "The future web experience in CSS",
            "time": "2017-05-10T23:23:56+00:00"
        }
    ],
    "packages-dev": [],
    "aliases": [],
    "minimum-stability": "stable",
    "stability-flags": [],
    "prefer-stable": false,
    "prefer-lowest": false,
    "platform": [],
    "platform-dev": []
}
